
Microsoft Visual Studio Solution File, Format Version 12.00
# Visual Studio 14
VisualStudioVersion = 14.0.25420.1
MinimumVisualStudioVersion = 10.0.40219.1
Project("{FAE04EC0-301F-11D3-BF4B-00C04F79EFBC}") = "Popthatpill", "Popthatpill\Popthatpill\Popthatpill.csproj", "{F1CE0492-3522-426A-8689-5304641B6183}"
EndProject
Project("{FAE04EC0-301F-11D3-BF4B-00C04F79EFBC}") = "Popthatpill.Droid", "Popthatpill\Popthatpill.Droid\Popthatpill.Droid.csproj", "{E5E67705-1095-49A1-A07B-133BCFF73DA3}"
EndProject
Project("{FAE04EC0-301F-11D3-BF4B-00C04F79EFBC}") = "Popthatpill.iOS", "Popthatpill\Popthatpill.iOS\Popthatpill.iOS.csproj", "{FFE0C0EF-F6C9-4FAD-AB7E-743CC6590C97}"
EndProject
Project("{FAE04EC0-301F-11D3-BF4B-00C04F79EFBC}") = "PopthatpillTest.PLC", "PopthatpillTest.PLC\PopthatpillTest.PLC.csproj", "{4926DBCC-48AB-4D5F-8372-C70BF0958DD8}"
EndProject
Global
	GlobalSection(SolutionConfigurationPlatforms) = preSolution
		Ad-Hoc|Any CPU = Ad-Hoc|Any CPU
		Ad-Hoc|iPhone = Ad-Hoc|iPhone
		Ad-Hoc|iPhoneSimulator = Ad-Hoc|iPhoneSimulator
		AppStore|Any CPU = AppStore|Any CPU
		AppStore|iPhone = AppStore|iPhone
		AppStore|iPhoneSimulator = AppStore|iPhoneSimulator
		Debug|Any CPU = Debug|Any CPU
		Debug|iPhone = Debug|iPhone
		Debug|iPhoneSimulator = Debug|iPhoneSimulator
		Release|Any CPU = Release|Any CPU
		Release|iPhone = Release|iPhone
		Release|iPhoneSimulator = Release|iPhoneSimulator
	EndGlobalSection
	GlobalSection(ProjectConfigurationPlatforms) = postSolution
		{F1CE0492-3522-426A-8689-5304641B6183}.Ad-Hoc|Any CPU.ActiveCfg = Release|Any CPU
		{F1CE0492-3522-426A-8689-5304641B6183}.Ad-Hoc|Any CPU.Build.0 = Release|Any CPU
		{F1CE0492-3522-426A-8689-5304641B6183}.Ad-Hoc|iPhone.ActiveCfg = Release|Any CPU
		{F1CE0492-3522-426A-8689-5304641B6183}.Ad-Hoc|iPhone.Build.0 = Release|Any CPU
		{F1CE0492-3522-426A-8689-5304641B6183}.Ad-Hoc|iPhoneSimulator.ActiveCfg = Release|Any CPU
		{F1CE0492-3522-426A-8689-5304641B6183}.Ad-Hoc|iPhoneSimulator.Build.0 = Release|Any CPU
		{F1CE0492-3522-426A-8689-5304641B6183}.AppStore|Any CPU.ActiveCfg = Release|Any CPU
		{F1CE0492-3522-426A-8689-5304641B6183}.AppStore|Any CPU.Build.0 = Release|Any CPU
		{F1CE0492-3522-426A-8689-5304641B6183}.AppStore|iPhone.ActiveCfg = Release|Any CPU
		{F1CE0492-3522-426A-8689-5304641B6183}.AppStore|iPhone.Build.0 = Release|Any CPU
		{F1CE0492-3522-426A-8689-5304641B6183}.AppStore|iPhoneSimulator.ActiveCfg = Release|Any CPU
		{F1CE0492-3522-426A-8689-5304641B6183}.AppStore|iPhoneSimulator.Build.0 = Release|Any CPU
		{F1CE0492-3522-426A-8689-5304641B6183}.Debug|Any CPU.ActiveCfg = Debug|Any CPU
		{F1CE0492-3522-426A-8689-5304641B6183}.Debug|Any CPU.Build.0 = Debug|Any CPU
		{F1CE0492-3522-426A-8689-5304641B6183}.Debug|iPhone.ActiveCfg = Debug|Any CPU
		{F1CE0492-3522-426A-8689-5304641B6183}.Debug|iPhone.Build.0 = Debug|Any CPU
		{F1CE0492-3522-426A-8689-5304641B6183}.Debug|iPhoneSimulator.ActiveCfg = Debug|Any CPU
		{F1CE0492-3522-426A-8689-5304641B6183}.Debug|iPhoneSimulator.Build.0 = Debug|Any CPU
		{F1CE0492-3522-426A-8689-5304641B6183}.Release|Any CPU.ActiveCfg = Release|Any CPU
		{F1CE0492-3522-426A-8689-5304641B6183}.Release|Any CPU.Build.0 = Release|Any CPU
		{F1CE0492-3522-426A-8689-5304641B6183}.Release|iPhone.ActiveCfg = Release|Any CPU
		{F1CE0492-3522-426A-8689-5304641B6183}.Release|iPhone.Build.0 = Release|Any CPU
		{F1CE0492-3522-426A-8689-5304641B6183}.Release|iPhoneSimulator.ActiveCfg = Release|Any CPU
		{F1CE0492-3522-426A-8689-5304641B6183}.Release|iPhoneSimulator.Build.0 = Release|Any CPU
		{E5E67705-1095-49A1-A07B-133BCFF73DA3}.Ad-Hoc|Any CPU.ActiveCfg = Release|Any CPU
		{E5E67705-1095-49A1-A07B-133BCFF73DA3}.Ad-Hoc|Any CPU.Build.0 = Release|Any CPU
		{E5E67705-1095-49A1-A07B-133BCFF73DA3}.Ad-Hoc|Any CPU.Deploy.0 = Release|Any CPU
		{E5E67705-1095-49A1-A07B-133BCFF73DA3}.Ad-Hoc|iPhone.ActiveCfg = Release|Any CPU
		{E5E67705-1095-49A1-A07B-133BCFF73DA3}.Ad-Hoc|iPhone.Build.0 = Release|Any CPU
		{E5E67705-1095-49A1-A07B-133BCFF73DA3}.Ad-Hoc|iPhone.Deploy.0 = Release|Any CPU
		{E5E67705-1095-49A1-A07B-133BCFF73DA3}.Ad-Hoc|iPhoneSimulator.ActiveCfg = Release|Any CPU
		{E5E67705-1095-49A1-A07B-133BCFF73DA3}.Ad-Hoc|iPhoneSimulator.Build.0 = Release|Any CPU
		{E5E67705-1095-49A1-A07B-133BCFF73DA3}.Ad-Hoc|iPhoneSimulator.Deploy.0 = Release|Any CPU
		{E5E67705-1095-49A1-A07B-133BCFF73DA3}.AppStore|Any CPU.ActiveCfg = Release|Any CPU
		{E5E67705-1095-49A1-A07B-133BCFF73DA3}.AppStore|Any CPU.Build.0 = Release|Any CPU
		{E5E67705-1095-49A1-A07B-133BCFF73DA3}.AppStore|Any CPU.Deploy.0 = Release|Any CPU
		{E5E67705-1095-49A1-A07B-133BCFF73DA3}.AppStore|iPhone.ActiveCfg = Release|Any CPU
		{E5E67705-1095-49A1-A07B-133BCFF73DA3}.AppStore|iPhone.Build.0 = Release|Any CPU
		{E5E67705-1095-49A1-A07B-133BCFF73DA3}.AppStore|iPhone.Deploy.0 = Release|Any CPU
		{E5E67705-1095-49A1-A07B-133BCFF73DA3}.AppStore|iPhoneSimulator.ActiveCfg = Release|Any CPU
		{E5E67705-1095-49A1-A07B-133BCFF73DA3}.AppStore|iPhoneSimulator.Build.0 = Release|Any CPU
		{E5E67705-1095-49A1-A07B-133BCFF73DA3}.AppStore|iPhoneSimulator.Deploy.0 = Release|Any CPU
		{E5E67705-1095-49A1-A07B-133BCFF73DA3}.Debug|Any CPU.ActiveCfg = Debug|Any CPU
		{E5E67705-1095-49A1-A07B-133BCFF73DA3}.Debug|Any CPU.Build.0 = Debug|Any CPU
		{E5E67705-1095-49A1-A07B-133BCFF73DA3}.Debug|Any CPU.Deploy.0 = Debug|Any CPU
		{E5E67705-1095-49A1-A07B-133BCFF73DA3}.Debug|iPhone.ActiveCfg = Debug|Any CPU
		{E5E67705-1095-49A1-A07B-133BCFF73DA3}.Debug|iPhone.Build.0 = Debug|Any CPU
		{E5E67705-1095-49A1-A07B-133BCFF73DA3}.Debug|iPhone.Deploy.0 = Debug|Any CPU
		{E5E67705-1095-49A1-A07B-133BCFF73DA3}.Debug|iPhoneSimulator.ActiveCfg = Debug|Any CPU
		{E5E67705-1095-49A1-A07B-133BCFF73DA3}.Debug|iPhoneSimulator.Build.0 = Debug|Any CPU
		{E5E67705-1095-49A1-A07B-133BCFF73DA3}.Debug|iPhoneSimulator.Deploy.0 = Debug|Any CPU
		{E5E67705-1095-49A1-A07B-133BCFF73DA3}.Release|Any CPU.ActiveCfg = Release|Any CPU
		{E5E67705-1095-49A1-A07B-133BCFF73DA3}.Release|Any CPU.Build.0 = Release|Any CPU
		{E5E67705-1095-49A1-A07B-133BCFF73DA3}.Release|Any CPU.Deploy.0 = Release|Any CPU
		{E5E67705-1095-49A1-A07B-133BCFF73DA3}.Release|iPhone.ActiveCfg = Release|Any CPU
		{E5E67705-1095-49A1-A07B-133BCFF73DA3}.Release|iPhone.Build.0 = Release|Any CPU
		{E5E67705-1095-49A1-A07B-133BCFF73DA3}.Release|iPhone.Deploy.0 = Release|Any CPU
		{E5E67705-1095-49A1-A07B-133BCFF73DA3}.Release|iPhoneSimulator.ActiveCfg = Release|Any CPU
		{E5E67705-1095-49A1-A07B-133BCFF73DA3}.Release|iPhoneSimulator.Build.0 = Release|Any CPU
		{E5E67705-1095-49A1-A07B-133BCFF73DA3}.Release|iPhoneSimulator.Deploy.0 = Release|Any CPU
		{FFE0C0EF-F6C9-4FAD-AB7E-743CC6590C97}.Ad-Hoc|Any CPU.ActiveCfg = Ad-Hoc|iPhone
		{FFE0C0EF-F6C9-4FAD-AB7E-743CC6590C97}.Ad-Hoc|iPhone.ActiveCfg = Ad-Hoc|iPhone
		{FFE0C0EF-F6C9-4FAD-AB7E-743CC6590C97}.Ad-Hoc|iPhone.Build.0 = Ad-Hoc|iPhone
		{FFE0C0EF-F6C9-4FAD-AB7E-743CC6590C97}.Ad-Hoc|iPhoneSimulator.ActiveCfg = Ad-Hoc|iPhoneSimulator
		{FFE0C0EF-F6C9-4FAD-AB7E-743CC6590C97}.Ad-Hoc|iPhoneSimulator.Build.0 = Ad-Hoc|iPhoneSimulator
		{FFE0C0EF-F6C9-4FAD-AB7E-743CC6590C97}.AppStore|Any CPU.ActiveCfg = AppStore|iPhone
		{FFE0C0EF-F6C9-4FAD-AB7E-743CC6590C97}.AppStore|iPhone.ActiveCfg = AppStore|iPhone
		{FFE0C0EF-F6C9-4FAD-AB7E-743CC6590C97}.AppStore|iPhone.Build.0 = AppStore|iPhone
		{FFE0C0EF-F6C9-4FAD-AB7E-743CC6590C97}.AppStore|iPhoneSimulator.ActiveCfg = AppStore|iPhoneSimulator
		{FFE0C0EF-F6C9-4FAD-AB7E-743CC6590C97}.AppStore|iPhoneSimulator.Build.0 = AppStore|iPhoneSimulator
		{FFE0C0EF-F6C9-4FAD-AB7E-743CC6590C97}.Debug|Any CPU.ActiveCfg = Debug|iPhone
		{FFE0C0EF-F6C9-4FAD-AB7E-743CC6590C97}.Debug|iPhone.ActiveCfg = Debug|iPhone
		{FFE0C0EF-F6C9-4FAD-AB7E-743CC6590C97}.Debug|iPhone.Build.0 = Debug|iPhone
		{FFE0C0EF-F6C9-4FAD-AB7E-743CC6590C97}.Debug|iPhoneSimulator.ActiveCfg = Debug|iPhoneSimulator
		{FFE0C0EF-F6C9-4FAD-AB7E-743CC6590C97}.Debug|iPhoneSimulator.Build.0 = Debug|iPhoneSimulator
		{FFE0C0EF-F6C9-4FAD-AB7E-743CC6590C97}.Release|Any CPU.ActiveCfg = Release|iPhone
		{FFE0C0EF-F6C9-4FAD-AB7E-743CC6590C97}.Release|iPhone.ActiveCfg = Release|iPhone
		{FFE0C0EF-F6C9-4FAD-AB7E-743CC6590C97}.Release|iPhone.Build.0 = Release|iPhone
		{FFE0C0EF-F6C9-4FAD-AB7E-743CC6590C97}.Release|iPhoneSimulator.ActiveCfg = Release|iPhoneSimulator
		{FFE0C0EF-F6C9-4FAD-AB7E-743CC6590C97}.Release|iPhoneSimulator.Build.0 = Release|iPhoneSimulator
		{4926DBCC-48AB-4D5F-8372-C70BF0958DD8}.Ad-Hoc|Any CPU.ActiveCfg = Release|Any CPU
		{4926DBCC-48AB-4D5F-8372-C70BF0958DD8}.Ad-Hoc|Any CPU.Build.0 = Release|Any CPU
		{4926DBCC-48AB-4D5F-8372-C70BF0958DD8}.Ad-Hoc|iPhone.ActiveCfg = Release|Any CPU
		{4926DBCC-48AB-4D5F-8372-C70BF0958DD8}.Ad-Hoc|iPhone.Build.0 = Release|Any CPU
		{4926DBCC-48AB-4D5F-8372-C70BF0958DD8}.Ad-Hoc|iPhoneSimulator.ActiveCfg = Release|Any CPU
		{4926DBCC-48AB-4D5F-8372-C70BF0958DD8}.Ad-Hoc|iPhoneSimulator.Build.0 = Release|Any CPU
		{4926DBCC-48AB-4D5F-8372-C70BF0958DD8}.AppStore|Any CPU.ActiveCfg = Release|Any CPU
		{4926DBCC-48AB-4D5F-8372-C70BF0958DD8}.AppStore|Any CPU.Build.0 = Release|Any CPU
		{4926DBCC-48AB-4D5F-8372-C70BF0958DD8}.AppStore|iPhone.ActiveCfg = Release|Any CPU
		{4926DBCC-48AB-4D5F-8372-C70BF0958DD8}.AppStore|iPhone.Build.0 = Release|Any CPU
		{4926DBCC-48AB-4D5F-8372-C70BF0958DD8}.AppStore|iPhoneSimulator.ActiveCfg = Release|Any CPU
		{4926DBCC-48AB-4D5F-8372-C70BF0958DD8}.AppStore|iPhoneSimulator.Build.0 = Release|Any CPU
		{4926DBCC-48AB-4D5F-8372-C70BF0958DD8}.Debug|Any CPU.ActiveCfg = Debug|Any CPU
		{4926DBCC-48AB-4D5F-8372-C70BF0958DD8}.Debug|Any CPU.Build.0 = Debug|Any CPU
		{4926DBCC-48AB-4D5F-8372-C70BF0958DD8}.Debug|iPhone.ActiveCfg = Debug|Any CPU
		{4926DBCC-48AB-4D5F-8372-C70BF0958DD8}.Debug|iPhone.Build.0 = Debug|Any CPU
		{4926DBCC-48AB-4D5F-8372-C70BF0958DD8}.Debug|iPhoneSimulator.ActiveCfg = Debug|Any CPU
		{4926DBCC-48AB-4D5F-8372-C70BF0958DD8}.Debug|iPhoneSimulator.Build.0 = Debug|Any CPU
		{4926DBCC-48AB-4D5F-8372-C70BF0958DD8}.Release|Any CPU.ActiveCfg = Release|Any CPU
		{4926DBCC-48AB-4D5F-8372-C70BF0958DD8}.Release|Any CPU.Build.0 = Release|Any CPU
		{4926DBCC-48AB-4D5F-8372-C70BF0958DD8}.Release|iPhone.ActiveCfg = Release|Any CPU
		{4926DBCC-48AB-4D5F-8372-C70BF0958DD8}.Release|iPhone.Build.0 = Release|Any CPU
		{4926DBCC-48AB-4D5F-8372-C70BF0958DD8}.Release|iPhoneSimulator.ActiveCfg = Release|Any CPU
		{4926DBCC-48AB-4D5F-8372-C70BF0958DD8}.Release|iPhoneSimulator.Build.0 = Release|Any CPU
	EndGlobalSection
	GlobalSection(SolutionProperties) = preSolution
		HideSolutionNode = FALSE
	EndGlobalSection
EndGlobal
